GEM
  remote: https://rubygems.org/
  specs:
    colorize (0.8.1)
    diff-lcs (1.5.0)
    domain_name (0.5.20190701)
      unf (>= 0.0.5, < 1.0.0)
    faraday (2.14.1)
      faraday-net_http (>= 2.0, < 3.5)
      json
      logger
    faraday-cookie_jar (0.0.7)
      faraday (>= 0.8.0)
      http-cookie (~> 1.0.0)
    faraday-net_http (3.4.2)
      net-http (~> 0.5)
    green_day (1.2.0)
      colorize
      faraday
      faraday-cookie_jar
      nokogiri
      thor
    http-cookie (1.0.4)
      domain_name (~> 0.5)
    json (2.18.1)
    logger (1.7.0)
    mini_portile2 (2.8.9)
    net-http (0.9.1)
      uri (>= 0.11.1)
    nokogiri (1.18.9)
      mini_portile2 (~> 2.8.2)
      racc (~> 1.4)
    racc (1.8.1)
    rspec (3.11.0)
      rspec-core (~> 3.11.0)
      rspec-expectations (~> 3.11.0)
      rspec-mocks (~> 3.11.0)
    rspec-core (3.11.0)
      rspec-support (~> 3.11.0)
    rspec-expectations (3.11.0)
      diff-lcs (>= 1.2.0, < 2.0)
      rspec-support (~> 3.11.0)
    rspec-mocks (3.11.0)
      diff-lcs (>= 1.2.0, < 2.0)
      rspec-support (~> 3.11.0)
    rspec-support (3.11.0)
    thor (1.4.0)
    unf (0.1.4)
      unf_ext
    unf_ext (0.0.8.1)
    uri (1.1.1)

PLATFORMS
  ruby

DEPENDENCIES
  green_day
  nokogiri (>= 1.13.9)
  rspec

BUNDLED WITH
   2.1.4
